
Microsoft Visual Studio Solution File, Format Version 12.00
# Visual Studio Version 17
VisualStudioVersion = 17.10.35122.118
MinimumVisualStudioVersion = 10.0.40219.1
Project("{8BC9CEB8-8B4A-11D0-8D11-00A0C91BC942}") = "Dynamic memory allocation", "Dynamic memory allocation.vcxproj", "{D796B595-0CA6-404A-95BE-B2FC1DB48844}"
EndProject
Global
	GlobalSection(SolutionConfigurationPlatforms) = preSolution
		Debug|x64 = Debug|x64
		Debug|x86 = Debug|x86
		Release|x64 = Release|x64
		Release|x86 = Release|x86
	EndGlobalSection
	GlobalSection(ProjectConfigurationPlatforms) = postSolution
		{D796B595-0CA6-404A-95BE-B2FC1DB48844}.Debug|x64.ActiveCfg = Debug|x64
		{D796B595-0CA6-404A-95BE-B2FC1DB48844}.Debug|x64.Build.0 = Debug|x64
		{D796B595-0CA6-404A-95BE-B2FC1DB48844}.Debug|x86.ActiveCfg = Debug|Win32
		{D796B595-0CA6-404A-95BE-B2FC1DB48844}.Debug|x86.Build.0 = Debug|Win32
		{D796B595-0CA6-404A-95BE-B2FC1DB48844}.Release|x64.ActiveCfg = Release|x64
		{D796B595-0CA6-404A-95BE-B2FC1DB48844}.Release|x64.Build.0 = Release|x64
		{D796B595-0CA6-404A-95BE-B2FC1DB48844}.Release|x86.ActiveCfg = Release|Win32
		{D796B595-0CA6-404A-95BE-B2FC1DB48844}.Release|x86.Build.0 = Release|Win32
	EndGlobalSection
	GlobalSection(SolutionProperties) = preSolution
		HideSolutionNode = FALSE
	EndGlobalSection
	GlobalSection(ExtensibilityGlobals) = postSolution
		SolutionGuid = {5DEE35F1-1048-42DC-A9FC-3A679AFF576E}
	EndGlobalSection
EndGlobal
